
Microsoft Visual Studio Solution File, Format Version 12.00
# Visual Studio 14
VisualStudioVersion = 14.0.23107.0
MinimumVisualStudioVersion = 10.0.40219.1
Project("{FAE04EC0-301F-11D3-BF4B-00C04F79EFBC}") = "Task01", "Task01\Task01.csproj", "{FC967EC8-AD86-4B40-A438-9D4DD8EB6AF0}"
EndProject
Project("{FAE04EC0-301F-11D3-BF4B-00C04F79EFBC}") = "Task02", "Task02\Task02.csproj", "{DADF264F-941C-4AE5-B154-50656A7E17FE}"
EndProject
Global
	GlobalSection(SolutionConfigurationPlatforms) = preSolution
		Debug|Any CPU = Debug|Any CPU
		Release|Any CPU = Release|Any CPU
	EndGlobalSection
	GlobalSection(ProjectConfigurationPlatforms) = postSolution
		{FC967EC8-AD86-4B40-A438-9D4DD8EB6AF0}.Debug|Any CPU.ActiveCfg = Debug|Any CPU
		{FC967EC8-AD86-4B40-A438-9D4DD8EB6AF0}.Debug|Any CPU.Build.0 = Debug|Any CPU
		{FC967EC8-AD86-4B40-A438-9D4DD8EB6AF0}.Release|Any CPU.ActiveCfg = Release|Any CPU
		{FC967EC8-AD86-4B40-A438-9D4DD8EB6AF0}.Release|Any CPU.Build.0 = Release|Any CPU
		{DADF264F-941C-4AE5-B154-50656A7E17FE}.Debug|Any CPU.ActiveCfg = Debug|Any CPU
		{DADF264F-941C-4AE5-B154-50656A7E17FE}.Debug|Any CPU.Build.0 = Debug|Any CPU
		{DADF264F-941C-4AE5-B154-50656A7E17FE}.Release|Any CPU.ActiveCfg = Release|Any CPU
		{DADF264F-941C-4AE5-B154-50656A7E17FE}.Release|Any CPU.Build.0 = Release|Any CPU
	EndGlobalSection
	GlobalSection(SolutionProperties) = preSolution
		HideSolutionNode = FALSE
	EndGlobalSection
EndGlobal
